{
  "name": "exception",
  "version": "1.0.0",
  "lockfileVersion": 1,
  "requires": true,
  "dependencies": {
    "create-error": {
      "version": "0.3.1",
      "resolved": "https://registry.npm.taobao.org/create-error/download/create-error-0.3.1.tgz",
      "integrity": "sha1-aYECRaYp5lRDK/BDdzYAA6U1GiM="
    },
    "error": {
      "version": "10.4.0",
      "resolved": "https://registry.npm.taobao.org/error/download/error-10.4.0.tgz",
      "integrity": "sha1-b88P1kvOsedQ+O2aPdiA8A5GpIc="
    }
  }
}
